
Microsoft Visual Studio Solution File, Format Version 12.00
# Visual Studio Version 16
VisualStudioVersion = 16.0.29409.12
MinimumVisualStudioVersion = 10.0.40219.1
Project("{2150E333-8FDC-42A3-9474-1A3956D46DE8}") = "src", "src", "{FB75D2A4-5D7B-4737-AF7C-40E674BE2316}"
EndProject
Project("{9A19103F-16F7-4668-BE54-9A1E7A4F7556}") = "PM.WebAPI", "src\PM.WebAPI\PM.WebAPI.csproj", "{515D2114-8F10-45FA-949E-9E5F7E0F3357}"
EndProject
Project("{9A19103F-16F7-4668-BE54-9A1E7A4F7556}") = "PM.Domain", "src\PM.Domain\PM.Domain.csproj", "{3DDCF580-666A-4968-9170-28EE9B108B38}"
EndProject
Project("{2150E333-8FDC-42A3-9474-1A3956D46DE8}") = "Core", "Core", "{0A337B71-F283-462B-B1B2-B005F8238C01}"
EndProject
Project("{2150E333-8FDC-42A3-9474-1A3956D46DE8}") = "Common", "Common", "{0EC3C0A2-6086-45AC-A169-707EF98AE070}"
EndProject
Project("{2150E333-8FDC-42A3-9474-1A3956D46DE8}") = "Infrastructure", "Infrastructure", "{967C68C7-0C4B-412D-9100-653967F8B897}"
EndProject
Project("{9A19103F-16F7-4668-BE54-9A1E7A4F7556}") = "PM.Application", "src\PM.Application\PM.Application.csproj", "{2410CDC1-5BD7-4159-B639-7C80146F9B1C}"
EndProject
Project("{9A19103F-16F7-4668-BE54-9A1E7A4F7556}") = "PM.Infrastructure", "src\PM.Infrastructure\PM.Infrastructure.csproj", "{5BFE89F8-C842-4D92-983C-524D54957DE9}"
EndProject
Project("{9A19103F-16F7-4668-BE54-9A1E7A4F7556}") = "PM.Common", "src\PM.Common\PM.Common.csproj", "{0A1E340F-3B10-4DCF-8055-518FAB46D34C}"
EndProject
Global
	GlobalSection(SolutionConfigurationPlatforms) = preSolution
		Debug|Any CPU = Debug|Any CPU
		Release|Any CPU = Release|Any CPU
	EndGlobalSection
	GlobalSection(ProjectConfigurationPlatforms) = postSolution
		{515D2114-8F10-45FA-949E-9E5F7E0F3357}.Debug|Any CPU.ActiveCfg = Debug|Any CPU
		{515D2114-8F10-45FA-949E-9E5F7E0F3357}.Debug|Any CPU.Build.0 = Debug|Any CPU
		{515D2114-8F10-45FA-949E-9E5F7E0F3357}.Release|Any CPU.ActiveCfg = Release|Any CPU
		{515D2114-8F10-45FA-949E-9E5F7E0F3357}.Release|Any CPU.Build.0 = Release|Any CPU
		{3DDCF580-666A-4968-9170-28EE9B108B38}.Debug|Any CPU.ActiveCfg = Debug|Any CPU
		{3DDCF580-666A-4968-9170-28EE9B108B38}.Debug|Any CPU.Build.0 = Debug|Any CPU
		{3DDCF580-666A-4968-9170-28EE9B108B38}.Release|Any CPU.ActiveCfg = Release|Any CPU
		{3DDCF580-666A-4968-9170-28EE9B108B38}.Release|Any CPU.Build.0 = Release|Any CPU
		{2410CDC1-5BD7-4159-B639-7C80146F9B1C}.Debug|Any CPU.ActiveCfg = Debug|Any CPU
		{2410CDC1-5BD7-4159-B639-7C80146F9B1C}.Debug|Any CPU.Build.0 = Debug|Any CPU
		{2410CDC1-5BD7-4159-B639-7C80146F9B1C}.Release|Any CPU.ActiveCfg = Release|Any CPU
		{2410CDC1-5BD7-4159-B639-7C80146F9B1C}.Release|Any CPU.Build.0 = Release|Any CPU
		{5BFE89F8-C842-4D92-983C-524D54957DE9}.Debug|Any CPU.ActiveCfg = Debug|Any CPU
		{5BFE89F8-C842-4D92-983C-524D54957DE9}.Debug|Any CPU.Build.0 = Debug|Any CPU
		{5BFE89F8-C842-4D92-983C-524D54957DE9}.Release|Any CPU.ActiveCfg = Release|Any CPU
		{5BFE89F8-C842-4D92-983C-524D54957DE9}.Release|Any CPU.Build.0 = Release|Any CPU
		{0A1E340F-3B10-4DCF-8055-518FAB46D34C}.Debug|Any CPU.ActiveCfg = Debug|Any CPU
		{0A1E340F-3B10-4DCF-8055-518FAB46D34C}.Debug|Any CPU.Build.0 = Debug|Any CPU
		{0A1E340F-3B10-4DCF-8055-518FAB46D34C}.Release|Any CPU.ActiveCfg = Release|Any CPU
		{0A1E340F-3B10-4DCF-8055-518FAB46D34C}.Release|Any CPU.Build.0 = Release|Any CPU
	EndGlobalSection
	GlobalSection(SolutionProperties) = preSolution
		HideSolutionNode = FALSE
	EndGlobalSection
	GlobalSection(NestedProjects) = preSolution
		{515D2114-8F10-45FA-949E-9E5F7E0F3357} = {FB75D2A4-5D7B-4737-AF7C-40E674BE2316}
		{3DDCF580-666A-4968-9170-28EE9B108B38} = {0A337B71-F283-462B-B1B2-B005F8238C01}
		{0A337B71-F283-462B-B1B2-B005F8238C01} = {FB75D2A4-5D7B-4737-AF7C-40E674BE2316}
		{0EC3C0A2-6086-45AC-A169-707EF98AE070} = {FB75D2A4-5D7B-4737-AF7C-40E674BE2316}
		{967C68C7-0C4B-412D-9100-653967F8B897} = {FB75D2A4-5D7B-4737-AF7C-40E674BE2316}
		{2410CDC1-5BD7-4159-B639-7C80146F9B1C} = {0A337B71-F283-462B-B1B2-B005F8238C01}
		{5BFE89F8-C842-4D92-983C-524D54957DE9} = {967C68C7-0C4B-412D-9100-653967F8B897}
		{0A1E340F-3B10-4DCF-8055-518FAB46D34C} = {0EC3C0A2-6086-45AC-A169-707EF98AE070}
	EndGlobalSection
	GlobalSection(ExtensibilityGlobals) = postSolution
		SolutionGuid = {412CFA86-4302-4356-A84D-52924128EEA4}
	EndGlobalSection
EndGlobal
